
Microsoft Visual Studio Solution File, Format Version 12.00
# Visual Studio Version 16
VisualStudioVersion = 16.0.29709.97
MinimumVisualStudioVersion = 10.0.40219.1
Project("{9A19103F-16F7-4668-BE54-9A1E7A4F7556}") = "Api", "Api\Api.csproj", "{DA747F37-B12F-492F-B49D-BF114193072B}"
EndProject
Project("{9A19103F-16F7-4668-BE54-9A1E7A4F7556}") = "Core", "Core\Core.csproj", "{27FEFDFF-5F41-4769-BBA9-582CB527956A}"
EndProject
Project("{9A19103F-16F7-4668-BE54-9A1E7A4F7556}") = "Model", "Model\Model.csproj", "{E6C87B72-92C2-4B46-93A0-9F1A1AA0C119}"
EndProject
Project("{9A19103F-16F7-4668-BE54-9A1E7A4F7556}") = "Database", "Database\Database.csproj", "{352E470A-C325-4D0B-8581-AF4373DE484D}"
EndProject
Project("{9A19103F-16F7-4668-BE54-9A1E7A4F7556}") = "Web.Framework", "Web.Framework\Web.Framework.csproj", "{482AA76C-87F6-4902-94B9-C875087DF860}"
EndProject
Project("{9A19103F-16F7-4668-BE54-9A1E7A4F7556}") = "Service", "Service\Service.csproj", "{FFA381CC-88F3-42B2-A9C3-C077E31C58F4}"
EndProject
Global
	GlobalSection(SolutionConfigurationPlatforms) = preSolution
		Debug|Any CPU = Debug|Any CPU
		Release|Any CPU = Release|Any CPU
	EndGlobalSection
	GlobalSection(ProjectConfigurationPlatforms) = postSolution
		{DA747F37-B12F-492F-B49D-BF114193072B}.Debug|Any CPU.ActiveCfg = Debug|Any CPU
		{DA747F37-B12F-492F-B49D-BF114193072B}.Debug|Any CPU.Build.0 = Debug|Any CPU
		{DA747F37-B12F-492F-B49D-BF114193072B}.Release|Any CPU.ActiveCfg = Release|Any CPU
		{DA747F37-B12F-492F-B49D-BF114193072B}.Release|Any CPU.Build.0 = Release|Any CPU
		{27FEFDFF-5F41-4769-BBA9-582CB527956A}.Debug|Any CPU.ActiveCfg = Debug|Any CPU
		{27FEFDFF-5F41-4769-BBA9-582CB527956A}.Debug|Any CPU.Build.0 = Debug|Any CPU
		{27FEFDFF-5F41-4769-BBA9-582CB527956A}.Release|Any CPU.ActiveCfg = Release|Any CPU
		{27FEFDFF-5F41-4769-BBA9-582CB527956A}.Release|Any CPU.Build.0 = Release|Any CPU
		{E6C87B72-92C2-4B46-93A0-9F1A1AA0C119}.Debug|Any CPU.ActiveCfg = Debug|Any CPU
		{E6C87B72-92C2-4B46-93A0-9F1A1AA0C119}.Debug|Any CPU.Build.0 = Debug|Any CPU
		{E6C87B72-92C2-4B46-93A0-9F1A1AA0C119}.Release|Any CPU.ActiveCfg = Release|Any CPU
		{E6C87B72-92C2-4B46-93A0-9F1A1AA0C119}.Release|Any CPU.Build.0 = Release|Any CPU
		{352E470A-C325-4D0B-8581-AF4373DE484D}.Debug|Any CPU.ActiveCfg = Debug|Any CPU
		{352E470A-C325-4D0B-8581-AF4373DE484D}.Debug|Any CPU.Build.0 = Debug|Any CPU
		{352E470A-C325-4D0B-8581-AF4373DE484D}.Release|Any CPU.ActiveCfg = Release|Any CPU
		{352E470A-C325-4D0B-8581-AF4373DE484D}.Release|Any CPU.Build.0 = Release|Any CPU
		{482AA76C-87F6-4902-94B9-C875087DF860}.Debug|Any CPU.ActiveCfg = Debug|Any CPU
		{482AA76C-87F6-4902-94B9-C875087DF860}.Debug|Any CPU.Build.0 = Debug|Any CPU
		{482AA76C-87F6-4902-94B9-C875087DF860}.Release|Any CPU.ActiveCfg = Release|Any CPU
		{482AA76C-87F6-4902-94B9-C875087DF860}.Release|Any CPU.Build.0 = Release|Any CPU
		{FFA381CC-88F3-42B2-A9C3-C077E31C58F4}.Debug|Any CPU.ActiveCfg = Debug|Any CPU
		{FFA381CC-88F3-42B2-A9C3-C077E31C58F4}.Debug|Any CPU.Build.0 = Debug|Any CPU
		{FFA381CC-88F3-42B2-A9C3-C077E31C58F4}.Release|Any CPU.ActiveCfg = Release|Any CPU
		{FFA381CC-88F3-42B2-A9C3-C077E31C58F4}.Release|Any CPU.Build.0 = Release|Any CPU
	EndGlobalSection
	GlobalSection(SolutionProperties) = preSolution
		HideSolutionNode = FALSE
	EndGlobalSection
	GlobalSection(ExtensibilityGlobals) = postSolution
		SolutionGuid = {441D9DFF-BEDF-4E81-926A-EE584715D7BD}
	EndGlobalSection
EndGlobal
